
Microsoft Visual Studio Solution File, Format Version 12.00
# Visual Studio Version 16
VisualStudioVersion = 16.0.28803.156
MinimumVisualStudioVersion = 10.0.40219.1
Project("{FAE04EC0-301F-11D3-BF4B-00C04F79EFBC}") = "CoolBoards", "CoolBoards\CoolBoards.csproj", "{19E97999-AA67-4C00-87C3-C7C6FAB58EFE}"
EndProject
Global
	GlobalSection(SolutionConfigurationPlatforms) = preSolution
		Debug|Any CPU = Debug|Any CPU
		Release|Any CPU = Release|Any CPU
	EndGlobalSection
	GlobalSection(ProjectConfigurationPlatforms) = postSolution
		{19E97999-AA67-4C00-87C3-C7C6FAB58EFE}.Debug|Any CPU.ActiveCfg = Debug|Any CPU
		{19E97999-AA67-4C00-87C3-C7C6FAB58EFE}.Debug|Any CPU.Build.0 = Debug|Any CPU
		{19E97999-AA67-4C00-87C3-C7C6FAB58EFE}.Release|Any CPU.ActiveCfg = Release|Any CPU
		{19E97999-AA67-4C00-87C3-C7C6FAB58EFE}.Release|Any CPU.Build.0 = Release|Any CPU
	EndGlobalSection
	GlobalSection(SolutionProperties) = preSolution
		HideSolutionNode = FALSE
	EndGlobalSection
	GlobalSection(ExtensibilityGlobals) = postSolution
		SolutionGuid = {66D4EE3B-44C5-46BB-9718-0499543793EB}
	EndGlobalSection
EndGlobal
